
Microsoft Visual Studio Solution File, Format Version 12.00
# Visual Studio Version 17
VisualStudioVersion = 17.1.31911.260
MinimumVisualStudioVersion = 15.0.26124.0
Project("{2150E333-8FDC-42A3-9474-1A3956D46DE8}") = "Tests", "Tests", "{960B8DA4-13FA-4A24-8378-5BDFEA16DC51}"
EndProject
Project("{9A19103F-16F7-4668-BE54-9A1E7A4F7556}") = "Papst.EventStore.Tests", "tests\Papst.EventStore.Tests\Papst.EventStore.Tests.csproj", "{31B1A840-380B-4B63-A66A-02855EA6289C}"
EndProject
Project("{2150E333-8FDC-42A3-9474-1A3956D46DE8}") = "Solution Items", "Solution Items", "{BA91D420-CD8F-4063-8DD4-D2D6D168572B}"
	ProjectSection(SolutionItems) = preProject
		.editorconfig = .editorconfig
		LICENSE = LICENSE
		README.md = README.md
		Directory.Build.props = Directory.Build.props
		Directory.Packages.props = Directory.Packages.props
	EndProjectSection
EndProject
Project("{2150E333-8FDC-42A3-9474-1A3956D46DE8}") = "Samples", "Samples", "{837B8948-DB1B-48D7-A4CD-48B2738753A3}"
EndProject
Project("{2150E333-8FDC-42A3-9474-1A3956D46DE8}") = "Build", "Build", "{3983623E-7294-4F2C-8AE5-CD3C0D41F062}"
	ProjectSection(SolutionItems) = preProject
		version.json = version.json
	EndProjectSection
EndProject
Project("{9A19103F-16F7-4668-BE54-9A1E7A4F7556}") = "Papst.EventStore.CodeGeneration", "src\Papst.EventStore.CodeGeneration\Papst.EventStore.CodeGeneration.csproj", "{CBBA3A73-FFED-4DF0-92A8-633B41372ECF}"
EndProject
Project("{9A19103F-16F7-4668-BE54-9A1E7A4F7556}") = "Papst.EventStore.CodeGeneration.Tests", "tests\Papst.EventStore.CodeGeneration.Tests\Papst.EventStore.CodeGeneration.Tests.csproj", "{2E3F1917-1BDF-47A0-95D8-D973744EE571}"
EndProject
Project("{2150E333-8FDC-42A3-9474-1A3956D46DE8}") = "src", "src", "{F5D7F5D3-E3B6-424E-9992-BEFE9D78D4FF}"
EndProject
Project("{9A19103F-16F7-4668-BE54-9A1E7A4F7556}") = "Papst.EventStore", "src\Papst.EventStore\Papst.EventStore.csproj", "{C8B15EC4-806E-4232-8AAC-9C1A8660C7B4}"
EndProject
Project("{9A19103F-16F7-4668-BE54-9A1E7A4F7556}") = "Papst.EventStore.Aggregation.EventRegistration", "src\Papst.EventStore.Aggregation.EventRegistration\Papst.EventStore.Aggregation.EventRegistration.csproj", "{98D9D12D-5DAF-49A7-9EEC-0C3863055A75}"
EndProject
Project("{9A19103F-16F7-4668-BE54-9A1E7A4F7556}") = "Papst.EventStore.FileSystem", "src\Papst.EventStore.FileSystem\Papst.EventStore.FileSystem.csproj", "{8EC1CA5D-6C8A-496A-96CC-6D662DA26329}"
EndProject
Project("{9A19103F-16F7-4668-BE54-9A1E7A4F7556}") = "SampleFileEventStore", "samples\SampleFileEventStore\SampleFileEventStore.csproj", "{766010EF-C11D-4CC3-8E3D-A3DD30DF388F}"
EndProject
Project("{9A19103F-16F7-4668-BE54-9A1E7A4F7556}") = "Papst.EventStore.EntityFrameworkCore", "src\Papst.EventStore.EntityFrameworkCore\Papst.EventStore.EntityFrameworkCore.csproj", "{A1966C34-AF8F-4CD0-BCA2-6A126CD6B8BA}"
EndProject
Project("{9A19103F-16F7-4668-BE54-9A1E7A4F7556}") = "SampleSqlServerEfCoreEventStore", "samples\SampleSqlServerEfCoreEventStore\SampleSqlServerEfCoreEventStore.csproj", "{04304944-6B57-40DA-B107-69FC013C0643}"
EndProject
Project("{9A19103F-16F7-4668-BE54-9A1E7A4F7556}") = "Papst.EventStore.AzureCosmos", "src\Papst.EventStore.AzureCosmos\Papst.EventStore.AzureCosmos.csproj", "{BC63340D-E9EE-4ADA-9EB8-656E88D64843}"
EndProject
Global
	GlobalSection(SolutionConfigurationPlatforms) = preSolution
		Debug|Any CPU = Debug|Any CPU
		Debug|x64 = Debug|x64
		Debug|x86 = Debug|x86
		Release|Any CPU = Release|Any CPU
		Release|x64 = Release|x64
		Release|x86 = Release|x86
	EndGlobalSection
	GlobalSection(ProjectConfigurationPlatforms) = postSolution
		{31B1A840-380B-4B63-A66A-02855EA6289C}.Debug|Any CPU.ActiveCfg = Debug|Any CPU
		{31B1A840-380B-4B63-A66A-02855EA6289C}.Debug|Any CPU.Build.0 = Debug|Any CPU
		{31B1A840-380B-4B63-A66A-02855EA6289C}.Debug|x64.ActiveCfg = Debug|Any CPU
		{31B1A840-380B-4B63-A66A-02855EA6289C}.Debug|x64.Build.0 = Debug|Any CPU
		{31B1A840-380B-4B63-A66A-02855EA6289C}.Debug|x86.ActiveCfg = Debug|Any CPU
		{31B1A840-380B-4B63-A66A-02855EA6289C}.Debug|x86.Build.0 = Debug|Any CPU
		{31B1A840-380B-4B63-A66A-02855EA6289C}.Release|Any CPU.ActiveCfg = Release|Any CPU
		{31B1A840-380B-4B63-A66A-02855EA6289C}.Release|Any CPU.Build.0 = Release|Any CPU
		{31B1A840-380B-4B63-A66A-02855EA6289C}.Release|x64.ActiveCfg = Release|Any CPU
		{31B1A840-380B-4B63-A66A-02855EA6289C}.Release|x64.Build.0 = Release|Any CPU
		{31B1A840-380B-4B63-A66A-02855EA6289C}.Release|x86.ActiveCfg = Release|Any CPU
		{31B1A840-380B-4B63-A66A-02855EA6289C}.Release|x86.Build.0 = Release|Any CPU
		{CBBA3A73-FFED-4DF0-92A8-633B41372ECF}.Debug|Any CPU.ActiveCfg = Debug|Any CPU
		{CBBA3A73-FFED-4DF0-92A8-633B41372ECF}.Debug|Any CPU.Build.0 = Debug|Any CPU
		{CBBA3A73-FFED-4DF0-92A8-633B41372ECF}.Debug|x64.ActiveCfg = Debug|Any CPU
		{CBBA3A73-FFED-4DF0-92A8-633B41372ECF}.Debug|x64.Build.0 = Debug|Any CPU
		{CBBA3A73-FFED-4DF0-92A8-633B41372ECF}.Debug|x86.ActiveCfg = Debug|Any CPU
		{CBBA3A73-FFED-4DF0-92A8-633B41372ECF}.Debug|x86.Build.0 = Debug|Any CPU
		{CBBA3A73-FFED-4DF0-92A8-633B41372ECF}.Release|Any CPU.ActiveCfg = Release|Any CPU
		{CBBA3A73-FFED-4DF0-92A8-633B41372ECF}.Release|Any CPU.Build.0 = Release|Any CPU
		{CBBA3A73-FFED-4DF0-92A8-633B41372ECF}.Release|x64.ActiveCfg = Release|Any CPU
		{CBBA3A73-FFED-4DF0-92A8-633B41372ECF}.Release|x64.Build.0 = Release|Any CPU
		{CBBA3A73-FFED-4DF0-92A8-633B41372ECF}.Release|x86.ActiveCfg = Release|Any CPU
		{CBBA3A73-FFED-4DF0-92A8-633B41372ECF}.Release|x86.Build.0 = Release|Any CPU
		{2E3F1917-1BDF-47A0-95D8-D973744EE571}.Debug|Any CPU.ActiveCfg = Debug|Any CPU
		{2E3F1917-1BDF-47A0-95D8-D973744EE571}.Debug|Any CPU.Build.0 = Debug|Any CPU
		{2E3F1917-1BDF-47A0-95D8-D973744EE571}.Debug|x64.ActiveCfg = Debug|Any CPU
		{2E3F1917-1BDF-47A0-95D8-D973744EE571}.Debug|x64.Build.0 = Debug|Any CPU
		{2E3F1917-1BDF-47A0-95D8-D973744EE571}.Debug|x86.ActiveCfg = Debug|Any CPU
		{2E3F1917-1BDF-47A0-95D8-D973744EE571}.Debug|x86.Build.0 = Debug|Any CPU
		{2E3F1917-1BDF-47A0-95D8-D973744EE571}.Release|Any CPU.ActiveCfg = Release|Any CPU
		{2E3F1917-1BDF-47A0-95D8-D973744EE571}.Release|Any CPU.Build.0 = Release|Any CPU
		{2E3F1917-1BDF-47A0-95D8-D973744EE571}.Release|x64.ActiveCfg = Release|Any CPU
		{2E3F1917-1BDF-47A0-95D8-D973744EE571}.Release|x64.Build.0 = Release|Any CPU
		{2E3F1917-1BDF-47A0-95D8-D973744EE571}.Release|x86.ActiveCfg = Release|Any CPU
		{2E3F1917-1BDF-47A0-95D8-D973744EE571}.Release|x86.Build.0 = Release|Any CPU
		{C8B15EC4-806E-4232-8AAC-9C1A8660C7B4}.Debug|Any CPU.ActiveCfg = Debug|Any CPU
		{C8B15EC4-806E-4232-8AAC-9C1A8660C7B4}.Debug|Any CPU.Build.0 = Debug|Any CPU
		{C8B15EC4-806E-4232-8AAC-9C1A8660C7B4}.Debug|x64.ActiveCfg = Debug|Any CPU
		{C8B15EC4-806E-4232-8AAC-9C1A8660C7B4}.Debug|x64.Build.0 = Debug|Any CPU
		{C8B15EC4-806E-4232-8AAC-9C1A8660C7B4}.Debug|x86.ActiveCfg = Debug|Any CPU
		{C8B15EC4-806E-4232-8AAC-9C1A8660C7B4}.Debug|x86.Build.0 = Debug|Any CPU
		{C8B15EC4-806E-4232-8AAC-9C1A8660C7B4}.Release|Any CPU.ActiveCfg = Release|Any CPU
		{C8B15EC4-806E-4232-8AAC-9C1A8660C7B4}.Release|Any CPU.Build.0 = Release|Any CPU
		{C8B15EC4-806E-4232-8AAC-9C1A8660C7B4}.Release|x64.ActiveCfg = Release|Any CPU
		{C8B15EC4-806E-4232-8AAC-9C1A8660C7B4}.Release|x64.Build.0 = Release|Any CPU
		{C8B15EC4-806E-4232-8AAC-9C1A8660C7B4}.Release|x86.ActiveCfg = Release|Any CPU
		{C8B15EC4-806E-4232-8AAC-9C1A8660C7B4}.Release|x86.Build.0 = Release|Any CPU
		{98D9D12D-5DAF-49A7-9EEC-0C3863055A75}.Debug|Any CPU.ActiveCfg = Debug|Any CPU
		{98D9D12D-5DAF-49A7-9EEC-0C3863055A75}.Debug|Any CPU.Build.0 = Debug|Any CPU
		{98D9D12D-5DAF-49A7-9EEC-0C3863055A75}.Debug|x64.ActiveCfg = Debug|Any CPU
		{98D9D12D-5DAF-49A7-9EEC-0C3863055A75}.Debug|x64.Build.0 = Debug|Any CPU
		{98D9D12D-5DAF-49A7-9EEC-0C3863055A75}.Debug|x86.ActiveCfg = Debug|Any CPU
		{98D9D12D-5DAF-49A7-9EEC-0C3863055A75}.Debug|x86.Build.0 = Debug|Any CPU
		{98D9D12D-5DAF-49A7-9EEC-0C3863055A75}.Release|Any CPU.ActiveCfg = Release|Any CPU
		{98D9D12D-5DAF-49A7-9EEC-0C3863055A75}.Release|Any CPU.Build.0 = Release|Any CPU
		{98D9D12D-5DAF-49A7-9EEC-0C3863055A75}.Release|x64.ActiveCfg = Release|Any CPU
		{98D9D12D-5DAF-49A7-9EEC-0C3863055A75}.Release|x64.Build.0 = Release|Any CPU
		{98D9D12D-5DAF-49A7-9EEC-0C3863055A75}.Release|x86.ActiveCfg = Release|Any CPU
		{98D9D12D-5DAF-49A7-9EEC-0C3863055A75}.Release|x86.Build.0 = Release|Any CPU
		{8EC1CA5D-6C8A-496A-96CC-6D662DA26329}.Debug|Any CPU.ActiveCfg = Debug|Any CPU
		{8EC1CA5D-6C8A-496A-96CC-6D662DA26329}.Debug|Any CPU.Build.0 = Debug|Any CPU
		{8EC1CA5D-6C8A-496A-96CC-6D662DA26329}.Debug|x64.ActiveCfg = Debug|Any CPU
		{8EC1CA5D-6C8A-496A-96CC-6D662DA26329}.Debug|x64.Build.0 = Debug|Any CPU
		{8EC1CA5D-6C8A-496A-96CC-6D662DA26329}.Debug|x86.ActiveCfg = Debug|Any CPU
		{8EC1CA5D-6C8A-496A-96CC-6D662DA26329}.Debug|x86.Build.0 = Debug|Any CPU
		{8EC1CA5D-6C8A-496A-96CC-6D662DA26329}.Release|Any CPU.ActiveCfg = Release|Any CPU
		{8EC1CA5D-6C8A-496A-96CC-6D662DA26329}.Release|Any CPU.Build.0 = Release|Any CPU
		{8EC1CA5D-6C8A-496A-96CC-6D662DA26329}.Release|x64.ActiveCfg = Release|Any CPU
		{8EC1CA5D-6C8A-496A-96CC-6D662DA26329}.Release|x64.Build.0 = Release|Any CPU
		{8EC1CA5D-6C8A-496A-96CC-6D662DA26329}.Release|x86.ActiveCfg = Release|Any CPU
		{8EC1CA5D-6C8A-496A-96CC-6D662DA26329}.Release|x86.Build.0 = Release|Any CPU
		{766010EF-C11D-4CC3-8E3D-A3DD30DF388F}.Debug|Any CPU.ActiveCfg = Debug|Any CPU
		{766010EF-C11D-4CC3-8E3D-A3DD30DF388F}.Debug|Any CPU.Build.0 = Debug|Any CPU
		{766010EF-C11D-4CC3-8E3D-A3DD30DF388F}.Debug|x64.ActiveCfg = Debug|Any CPU
		{766010EF-C11D-4CC3-8E3D-A3DD30DF388F}.Debug|x64.Build.0 = Debug|Any CPU
		{766010EF-C11D-4CC3-8E3D-A3DD30DF388F}.Debug|x86.ActiveCfg = Debug|Any CPU
		{766010EF-C11D-4CC3-8E3D-A3DD30DF388F}.Debug|x86.Build.0 = Debug|Any CPU
		{766010EF-C11D-4CC3-8E3D-A3DD30DF388F}.Release|Any CPU.ActiveCfg = Release|Any CPU
		{766010EF-C11D-4CC3-8E3D-A3DD30DF388F}.Release|Any CPU.Build.0 = Release|Any CPU
		{766010EF-C11D-4CC3-8E3D-A3DD30DF388F}.Release|x64.ActiveCfg = Release|Any CPU
		{766010EF-C11D-4CC3-8E3D-A3DD30DF388F}.Release|x64.Build.0 = Release|Any CPU
		{766010EF-C11D-4CC3-8E3D-A3DD30DF388F}.Release|x86.ActiveCfg = Release|Any CPU
		{766010EF-C11D-4CC3-8E3D-A3DD30DF388F}.Release|x86.Build.0 = Release|Any CPU
		{A1966C34-AF8F-4CD0-BCA2-6A126CD6B8BA}.Debug|Any CPU.ActiveCfg = Debug|Any CPU
		{A1966C34-AF8F-4CD0-BCA2-6A126CD6B8BA}.Debug|Any CPU.Build.0 = Debug|Any CPU
		{A1966C34-AF8F-4CD0-BCA2-6A126CD6B8BA}.Debug|x64.ActiveCfg = Debug|Any CPU
		{A1966C34-AF8F-4CD0-BCA2-6A126CD6B8BA}.Debug|x64.Build.0 = Debug|Any CPU
		{A1966C34-AF8F-4CD0-BCA2-6A126CD6B8BA}.Debug|x86.ActiveCfg = Debug|Any CPU
		{A1966C34-AF8F-4CD0-BCA2-6A126CD6B8BA}.Debug|x86.Build.0 = Debug|Any CPU
		{A1966C34-AF8F-4CD0-BCA2-6A126CD6B8BA}.Release|Any CPU.ActiveCfg = Release|Any CPU
		{A1966C34-AF8F-4CD0-BCA2-6A126CD6B8BA}.Release|Any CPU.Build.0 = Release|Any CPU
		{A1966C34-AF8F-4CD0-BCA2-6A126CD6B8BA}.Release|x64.ActiveCfg = Release|Any CPU
		{A1966C34-AF8F-4CD0-BCA2-6A126CD6B8BA}.Release|x64.Build.0 = Release|Any CPU
		{A1966C34-AF8F-4CD0-BCA2-6A126CD6B8BA}.Release|x86.ActiveCfg = Release|Any CPU
		{A1966C34-AF8F-4CD0-BCA2-6A126CD6B8BA}.Release|x86.Build.0 = Release|Any CPU
		{04304944-6B57-40DA-B107-69FC013C0643}.Debug|Any CPU.ActiveCfg = Debug|Any CPU
		{04304944-6B57-40DA-B107-69FC013C0643}.Debug|Any CPU.Build.0 = Debug|Any CPU
		{04304944-6B57-40DA-B107-69FC013C0643}.Debug|x64.ActiveCfg = Debug|Any CPU
		{04304944-6B57-40DA-B107-69FC013C0643}.Debug|x64.Build.0 = Debug|Any CPU
		{04304944-6B57-40DA-B107-69FC013C0643}.Debug|x86.ActiveCfg = Debug|Any CPU
		{04304944-6B57-40DA-B107-69FC013C0643}.Debug|x86.Build.0 = Debug|Any CPU
		{04304944-6B57-40DA-B107-69FC013C0643}.Release|Any CPU.ActiveCfg = Release|Any CPU
		{04304944-6B57-40DA-B107-69FC013C0643}.Release|Any CPU.Build.0 = Release|Any CPU
		{04304944-6B57-40DA-B107-69FC013C0643}.Release|x64.ActiveCfg = Release|Any CPU
		{04304944-6B57-40DA-B107-69FC013C0643}.Release|x64.Build.0 = Release|Any CPU
		{04304944-6B57-40DA-B107-69FC013C0643}.Release|x86.ActiveCfg = Release|Any CPU
		{04304944-6B57-40DA-B107-69FC013C0643}.Release|x86.Build.0 = Release|Any CPU
		{BC63340D-E9EE-4ADA-9EB8-656E88D64843}.Debug|Any CPU.ActiveCfg = Debug|Any CPU
		{BC63340D-E9EE-4ADA-9EB8-656E88D64843}.Debug|Any CPU.Build.0 = Debug|Any CPU
		{BC63340D-E9EE-4ADA-9EB8-656E88D64843}.Debug|x64.ActiveCfg = Debug|Any CPU
		{BC63340D-E9EE-4ADA-9EB8-656E88D64843}.Debug|x64.Build.0 = Debug|Any CPU
		{BC63340D-E9EE-4ADA-9EB8-656E88D64843}.Debug|x86.ActiveCfg = Debug|Any CPU
		{BC63340D-E9EE-4ADA-9EB8-656E88D64843}.Debug|x86.Build.0 = Debug|Any CPU
		{BC63340D-E9EE-4ADA-9EB8-656E88D64843}.Release|Any CPU.ActiveCfg = Release|Any CPU
		{BC63340D-E9EE-4ADA-9EB8-656E88D64843}.Release|Any CPU.Build.0 = Release|Any CPU
		{BC63340D-E9EE-4ADA-9EB8-656E88D64843}.Release|x64.ActiveCfg = Release|Any CPU
		{BC63340D-E9EE-4ADA-9EB8-656E88D64843}.Release|x64.Build.0 = Release|Any CPU
		{BC63340D-E9EE-4ADA-9EB8-656E88D64843}.Release|x86.ActiveCfg = Release|Any CPU
		{BC63340D-E9EE-4ADA-9EB8-656E88D64843}.Release|x86.Build.0 = Release|Any CPU
	EndGlobalSection
	GlobalSection(SolutionProperties) = preSolution
		HideSolutionNode = FALSE
	EndGlobalSection
	GlobalSection(NestedProjects) = preSolution
		{31B1A840-380B-4B63-A66A-02855EA6289C} = {960B8DA4-13FA-4A24-8378-5BDFEA16DC51}
		{CBBA3A73-FFED-4DF0-92A8-633B41372ECF} = {F5D7F5D3-E3B6-424E-9992-BEFE9D78D4FF}
		{2E3F1917-1BDF-47A0-95D8-D973744EE571} = {960B8DA4-13FA-4A24-8378-5BDFEA16DC51}
		{C8B15EC4-806E-4232-8AAC-9C1A8660C7B4} = {F5D7F5D3-E3B6-424E-9992-BEFE9D78D4FF}
		{98D9D12D-5DAF-49A7-9EEC-0C3863055A75} = {F5D7F5D3-E3B6-424E-9992-BEFE9D78D4FF}
		{8EC1CA5D-6C8A-496A-96CC-6D662DA26329} = {F5D7F5D3-E3B6-424E-9992-BEFE9D78D4FF}
		{766010EF-C11D-4CC3-8E3D-A3DD30DF388F} = {837B8948-DB1B-48D7-A4CD-48B2738753A3}
		{A1966C34-AF8F-4CD0-BCA2-6A126CD6B8BA} = {F5D7F5D3-E3B6-424E-9992-BEFE9D78D4FF}
		{04304944-6B57-40DA-B107-69FC013C0643} = {837B8948-DB1B-48D7-A4CD-48B2738753A3}
		{BC63340D-E9EE-4ADA-9EB8-656E88D64843} = {F5D7F5D3-E3B6-424E-9992-BEFE9D78D4FF}
	EndGlobalSection
	GlobalSection(ExtensibilityGlobals) = postSolution
		SolutionGuid = {95310886-6CDA-4969-89EB-BA67478A1464}
	EndGlobalSection
EndGlobal
